
Microsoft Visual Studio Solution File, Format Version 12.00
# Visual Studio Version 16
VisualStudioVersion = 16.0.31829.152
MinimumVisualStudioVersion = 10.0.40219.1
Project("{FAE04EC0-301F-11D3-BF4B-00C04F79EFBC}") = "ConsoleApp3", "ConsoleApp3\ConsoleApp3.csproj", "{32ABA0F3-7427-4DDC-A323-94153ED1E603}"
EndProject
Global
	GlobalSection(SolutionConfigurationPlatforms) = preSolution
		Debug|Any CPU = Debug|Any CPU
		Release|Any CPU = Release|Any CPU
	EndGlobalSection
	GlobalSection(ProjectConfigurationPlatforms) = postSolution
		{32ABA0F3-7427-4DDC-A323-94153ED1E603}.Debug|Any CPU.ActiveCfg = Debug|Any CPU
		{32ABA0F3-7427-4DDC-A323-94153ED1E603}.Debug|Any CPU.Build.0 = Debug|Any CPU
		{32ABA0F3-7427-4DDC-A323-94153ED1E603}.Release|Any CPU.ActiveCfg = Release|Any CPU
		{32ABA0F3-7427-4DDC-A323-94153ED1E603}.Release|Any CPU.Build.0 = Release|Any CPU
	EndGlobalSection
	GlobalSection(SolutionProperties) = preSolution
		HideSolutionNode = FALSE
	EndGlobalSection
	GlobalSection(ExtensibilityGlobals) = postSolution
		SolutionGuid = {36B3681D-4939-4F20-B2C6-7A2ECA259028}
	EndGlobalSection
EndGlobal
